
Microsoft Visual Studio Solution File, Format Version 12.00
# Visual Studio Version 16
VisualStudioVersion = 16.0.31005.135
MinimumVisualStudioVersion = 10.0.40219.1
Project("{FAE04EC0-301F-11D3-BF4B-00C04F79EFBC}") = "WpfApp_DataGrid", "WpfApp_DataGrid.csproj", "{43EB0EEC-791A-42CE-83CA-87C75546860C}"
EndProject
Global
	GlobalSection(SolutionConfigurationPlatforms) = preSolution
		Debug|Any CPU = Debug|Any CPU
		Release|Any CPU = Release|Any CPU
	EndGlobalSection
	GlobalSection(ProjectConfigurationPlatforms) = postSolution
		{43EB0EEC-791A-42CE-83CA-87C75546860C}.Debug|Any CPU.ActiveCfg = Debug|Any CPU
		{43EB0EEC-791A-42CE-83CA-87C75546860C}.Debug|Any CPU.Build.0 = Debug|Any CPU
		{43EB0EEC-791A-42CE-83CA-87C75546860C}.Release|Any CPU.ActiveCfg = Release|Any CPU
		{43EB0EEC-791A-42CE-83CA-87C75546860C}.Release|Any CPU.Build.0 = Release|Any CPU
	EndGlobalSection
	GlobalSection(SolutionProperties) = preSolution
		HideSolutionNode = FALSE
	EndGlobalSection
	GlobalSection(ExtensibilityGlobals) = postSolution
		SolutionGuid = {33D1B252-EA3D-4C86-8B44-5FB3F8D42F53}
	EndGlobalSection
EndGlobal
