
Microsoft Visual Studio Solution File, Format Version 12.00
# Visual Studio Version 17
VisualStudioVersion = 17.0.32112.339
MinimumVisualStudioVersion = 10.0.40219.1
Project("{FAE04EC0-301F-11D3-BF4B-00C04F79EFBC}") = "Xaml_app_example_1", "Xaml_app_example_1\Xaml_app_example_1.csproj", "{F65EE9EC-4916-4335-86C7-5946B537AC09}"
EndProject
Global
	GlobalSection(SolutionConfigurationPlatforms) = preSolution
		Debug|Any CPU = Debug|Any CPU
		Release|Any CPU = Release|Any CPU
	EndGlobalSection
	GlobalSection(ProjectConfigurationPlatforms) = postSolution
		{F65EE9EC-4916-4335-86C7-5946B537AC09}.Debug|Any CPU.ActiveCfg = Debug|Any CPU
		{F65EE9EC-4916-4335-86C7-5946B537AC09}.Debug|Any CPU.Build.0 = Debug|Any CPU
		{F65EE9EC-4916-4335-86C7-5946B537AC09}.Release|Any CPU.ActiveCfg = Release|Any CPU
		{F65EE9EC-4916-4335-86C7-5946B537AC09}.Release|Any CPU.Build.0 = Release|Any CPU
	EndGlobalSection
	GlobalSection(SolutionProperties) = preSolution
		HideSolutionNode = FALSE
	EndGlobalSection
	GlobalSection(ExtensibilityGlobals) = postSolution
		SolutionGuid = {6B227B5C-2C76-4C7B-8DF4-3C32DC132D75}
	EndGlobalSection
EndGlobal
